{
  "name": "server",
  "lockfileVersion": 2,
  "requires": true,
  "packages": {
    "": {
      "dependencies": {
        "@or-tab/my-server": "^1.0.6"
      }
    },
    "node_modules/@or-tab/my-server": {
      "version": "1.0.6",
      "resolved": "https://registry.npmjs.org/@or-tab/my-server/-/my-server-1.0.6.tgz",
      "integrity": "sha512-9cnK4zpTU3fEkfMbTnbh1bHVtodLnTP9QfFDUS1oeZwFC4BPQteZK+IyIM5sF+PzqKkoCw3vrZiB5Xy3SazHTA=="
    }
  },
  "dependencies": {
    "@or-tab/my-server": {
      "version": "1.0.6",
      "resolved": "https://registry.npmjs.org/@or-tab/my-server/-/my-server-1.0.6.tgz",
      "integrity": "sha512-9cnK4zpTU3fEkfMbTnbh1bHVtodLnTP9QfFDUS1oeZwFC4BPQteZK+IyIM5sF+PzqKkoCw3vrZiB5Xy3SazHTA=="
    }
  }
}
